<?xml version="1.0" encoding="utf-8"?>
<Project ToolsVersion="4.0" xmlns="http://schemas.microsoft.com/developer/msbuild/2003">
  <ItemGroup>
    <ClCompile Include="DD_Overlay\DD_Overlay.cpp" />
    <ClCompile Include="DX11_BackgroundRenderer\DX11_BackgroundRenderer.cpp" />
    <ClCompile Include="GlobalDraw.cpp" />
    <ClCompile Include="ID2D1_Renderer\ID2D1_Renderer.cpp" />
    <ClCompile Include="ID2D1_Renderer\render.cpp" />
    <ClCompile Include="ID2D1_Renderer\ui.cpp" />
    <ClCompile Include="input\input.cpp" />
    <ClCompile Include="imgui\imgui.cpp" />
    <ClCompile Include="imgui\imgui_demo.cpp" />
    <ClCompile Include="imgui\imgui_draw.cpp" />
    <ClCompile Include="imgui\imgui_impl_win32.cpp" />
    <ClCompile Include="imgui\imgui_tables.cpp" />
    <ClCompile Include="imgui\imgui_widgets.cpp" />
    <ClCompile Include="imgui\imgui_impl_dx11.cpp" />
  </ItemGroup>
  <ItemGroup>
    <ClInclude Include="DD_Overlay\DD_Overlay.hpp" />
    <ClInclude Include="DX11_BackgroundRenderer\DX11_BackgroundRenderer.hpp" />
    <ClInclude Include="ID2D1_Renderer\ID2D1_Renderer.hpp" />
    <ClInclude Include="ID2D1_Renderer\render.h" />
    <ClInclude Include="ID2D1_Renderer\ui.h" />
    <ClInclude Include="inc.hpp" />
    <ClInclude Include="input\input.h" />
    <ClInclude Include="imgui\imstb_truetype.h" />
    <ClInclude Include="imgui\imconfig.h" />
    <ClInclude Include="imgui\imgui.h" />
    <ClInclude Include="imgui\imgui_impl_win32.h" />
    <ClInclude Include="imgui\imgui_internal.h" />
    <ClInclude Include="imgui\imstb_rectpack.h" />
    <ClInclude Include="imgui\imstb_textedit.h" />
    <ClInclude Include="imgui\imgui_impl_dx11.h" />
  </ItemGroup>
</Project>